
Microsoft Visual Studio Solution File, Format Version 12.00
# Visual Studio 15
VisualStudioVersion = 15.0.26403.7
MinimumVisualStudioVersion = 10.0.40219.1
Project("{FAE04EC0-301F-11D3-BF4B-00C04F79EFBC}") = "TPS.Tests", "TourPhotoSharing.Tests\TPS.Tests.csproj", "{7B8E8CA7-CA09-48DA-8E24-1A8D248BAC1C}"
EndProject
Project("{FAE04EC0-301F-11D3-BF4B-00C04F79EFBC}") = "TPS.Web", "TPS.Web\TPS.Web.csproj", "{D9A822D7-89F3-41E1-822F-F7D04DCDF44B}"
EndProject
Project("{2150E333-8FDC-42A3-9474-1A3956D46DE8}") = "Solution Items", "Solution Items", "{89FD9AB3-4F9B-4C08-AE3C-530E9FAB8F73}"
	ProjectSection(SolutionItems) = preProject
		AppSettingsSecrets.config = AppSettingsSecrets.config
	EndProjectSection
EndProject
Global
	GlobalSection(SolutionConfigurationPlatforms) = preSolution
		Debug|Any CPU = Debug|Any CPU
		Release|Any CPU = Release|Any CPU
	EndGlobalSection
	GlobalSection(ProjectConfigurationPlatforms) = postSolution
		{7B8E8CA7-CA09-48DA-8E24-1A8D248BAC1C}.Debug|Any CPU.ActiveCfg = Debug|Any CPU
		{7B8E8CA7-CA09-48DA-8E24-1A8D248BAC1C}.Debug|Any CPU.Build.0 = Debug|Any CPU
		{7B8E8CA7-CA09-48DA-8E24-1A8D248BAC1C}.Release|Any CPU.ActiveCfg = Release|Any CPU
		{7B8E8CA7-CA09-48DA-8E24-1A8D248BAC1C}.Release|Any CPU.Build.0 = Release|Any CPU
		{D9A822D7-89F3-41E1-822F-F7D04DCDF44B}.Debug|Any CPU.ActiveCfg = Debug|Any CPU
		{D9A822D7-89F3-41E1-822F-F7D04DCDF44B}.Debug|Any CPU.Build.0 = Debug|Any CPU
		{D9A822D7-89F3-41E1-822F-F7D04DCDF44B}.Release|Any CPU.ActiveCfg = Release|Any CPU
		{D9A822D7-89F3-41E1-822F-F7D04DCDF44B}.Release|Any CPU.Build.0 = Release|Any CPU
	EndGlobalSection
	GlobalSection(SolutionProperties) = preSolution
		HideSolutionNode = FALSE
	EndGlobalSection
EndGlobal
